
Microsoft Visual Studio Solution File, Format Version 12.00
# Visual Studio Version 17
VisualStudioVersion = 17.1.32319.34
MinimumVisualStudioVersion = 10.0.40219.1
Project("{FAE04EC0-301F-11D3-BF4B-00C04F79EFBC}") = "ConsoleApp8", "ConsoleApp8\ConsoleApp8.csproj", "{97B3B9D6-E599-4E35-B2B0-C21C1434CF7E}"
EndProject
Global
	GlobalSection(SolutionConfigurationPlatforms) = preSolution
		Debug|Any CPU = Debug|Any CPU
		Release|Any CPU = Release|Any CPU
	EndGlobalSection
	GlobalSection(ProjectConfigurationPlatforms) = postSolution
		{97B3B9D6-E599-4E35-B2B0-C21C1434CF7E}.Debug|Any CPU.ActiveCfg = Debug|Any CPU
		{97B3B9D6-E599-4E35-B2B0-C21C1434CF7E}.Debug|Any CPU.Build.0 = Debug|Any CPU
		{97B3B9D6-E599-4E35-B2B0-C21C1434CF7E}.Release|Any CPU.ActiveCfg = Release|Any CPU
		{97B3B9D6-E599-4E35-B2B0-C21C1434CF7E}.Release|Any CPU.Build.0 = Release|Any CPU
	EndGlobalSection
	GlobalSection(SolutionProperties) = preSolution
		HideSolutionNode = FALSE
	EndGlobalSection
	GlobalSection(ExtensibilityGlobals) = postSolution
		SolutionGuid = {E6F4FD84-2953-4B24-977B-2AAC099E6D8A}
	EndGlobalSection
EndGlobal
